// !$*UTF8*$!
{
	archiveVersion = 1;
	classes = {
	};
	objectVersion = 56;
	objects = {

/* Begin PBXBuildFile section */
		D14C243D2C61F3E0002672D6 /* AppDelegate.swift in Sources */ = {isa = PBXBuildFile; fileRef = D14C243C2C61F3E0002672D6 /* AppDelegate.swift */; };
		D14C24462C61F3E2002672D6 /* Assets.xcassets in Resources */ = {isa = PBXBuildFile; fileRef = D14C24452C61F3E2002672D6 /* Assets.xcassets */; };
		D14C24492C61F3E2002672D6 /* Base in Resources */ = {isa = PBXBuildFile; fileRef = D14C24482C61F3E2002672D6 /* Base */; };
		D14C24552C61F5A5002672D6 /* LoadingScreen+Presenter.swift in Sources */ = {isa = PBXBuildFile; fileRef = D14C24542C61F5A5002672D6 /* LoadingScreen+Presenter.swift */; };
		D14C24572C61F5AE002672D6 /* LoadingScreen+View.swift in Sources */ = {isa = PBXBuildFile; fileRef = D14C24562C61F5AE002672D6 /* LoadingScreen+View.swift */; };
		D14C24592C61F5B5002672D6 /* LoadingScreenView.swift in Sources */ = {isa = PBXBuildFile; fileRef = D14C24582C61F5B5002672D6 /* LoadingScreenView.swift */; };
		D14C245D2C61F631002672D6 /* UIViewControllerExt.swift in Sources */ = {isa = PBXBuildFile; fileRef = D14C245C2C61F631002672D6 /* UIViewControllerExt.swift */; };
		D14C245F2C61F69F002672D6 /* UIViewExt.swift in Sources */ = {isa = PBXBuildFile; fileRef = D14C245E2C61F69F002672D6 /* UIViewExt.swift */; };
		D14C24622C61F744002672D6 /* NavigationBarRoot.swift in Sources */ = {isa = PBXBuildFile; fileRef = D14C24612C61F744002672D6 /* NavigationBarRoot.swift */; };
		D14C24642C61F762002672D6 /* NavigationBarRoot+Presenter.swift in Sources */ = {isa = PBXBuildFile; fileRef = D14C24632C61F762002672D6 /* NavigationBarRoot+Presenter.swift */; };
		D16A1EB02C6269D1003F3812 /* MainScreen+Presenter.swift in Sources */ = {isa = PBXBuildFile; fileRef = D16A1EAF2C6269D1003F3812 /* MainScreen+Presenter.swift */; };
		D16A1EB22C6269DA003F3812 /* MainScreen+View.swift in Sources */ = {isa = PBXBuildFile; fileRef = D16A1EB12C6269DA003F3812 /* MainScreen+View.swift */; };
		D16A1EB42C6269E0003F3812 /* MainScreenView.swift in Sources */ = {isa = PBXBuildFile; fileRef = D16A1EB32C6269E0003F3812 /* MainScreenView.swift */; };
		D16A1EB72C62717E003F3812 /* GameScreen+Presenter.swift in Sources */ = {isa = PBXBuildFile; fileRef = D16A1EB62C62717E003F3812 /* GameScreen+Presenter.swift */; };
		D16A1EB92C627187003F3812 /* GameScreen+View.swift in Sources */ = {isa = PBXBuildFile; fileRef = D16A1EB82C627187003F3812 /* GameScreen+View.swift */; };
		D16A1EBB2C62718F003F3812 /* GameScreenView.swift in Sources */ = {isa = PBXBuildFile; fileRef = D16A1EBA2C62718F003F3812 /* GameScreenView.swift */; };
		D16A1EBE2C627855003F3812 /* NotificationsScreen+Presenter.swift in Sources */ = {isa = PBXBuildFile; fileRef = D16A1EBD2C627855003F3812 /* NotificationsScreen+Presenter.swift */; };
		D16A1EC02C627860003F3812 /* NotificationsScreen+View.swift in Sources */ = {isa = PBXBuildFile; fileRef = D16A1EBF2C627860003F3812 /* NotificationsScreen+View.swift */; };
		D16A1EC22C627866003F3812 /* NotificationsScreenView.swift in Sources */ = {isa = PBXBuildFile; fileRef = D16A1EC12C627866003F3812 /* NotificationsScreenView.swift */; };
		D16A1EC52C627A23003F3812 /* UserDefKeys.swift in Sources */ = {isa = PBXBuildFile; fileRef = D16A1EC42C627A23003F3812 /* UserDefKeys.swift */; };
		D16A1EC82C627EB9003F3812 /* UIFontExt.swift in Sources */ = {isa = PBXBuildFile; fileRef = D16A1EC72C627EB9003F3812 /* UIFontExt.swift */; };
		D16A1ECA2C627EF2003F3812 /* inter.ttf in Resources */ = {isa = PBXBuildFile; fileRef = D16A1EC92C627EF2003F3812 /* inter.ttf */; };
		D16A1ECC2C6280A8003F3812 /* UILabelExt.swift in Sources */ = {isa = PBXBuildFile; fileRef = D16A1ECB2C6280A8003F3812 /* UILabelExt.swift */; };
		D16A1ECE2C6280E2003F3812 /* StringExt.swift in Sources */ = {isa = PBXBuildFile; fileRef = D16A1ECD2C6280E2003F3812 /* StringExt.swift */; };
		D16A1ED62C628576003F3812 /* interRegular.ttf in Resources */ = {isa = PBXBuildFile; fileRef = D16A1ED52C628576003F3812 /* interRegular.ttf */; };
		D16A1ED92C63AA9F003F3812 /* CollectionView.swift in Sources */ = {isa = PBXBuildFile; fileRef = D16A1ED82C63AA9F003F3812 /* CollectionView.swift */; };
		D16A1EDB2C63AAE8003F3812 /* CollectionViewCell.swift in Sources */ = {isa = PBXBuildFile; fileRef = D16A1EDA2C63AAE8003F3812 /* CollectionViewCell.swift */; };
		D16A1EE22C64A703003F3812 /* Settings.swift in Sources */ = {isa = PBXBuildFile; fileRef = D16A1EE12C64A703003F3812 /* Settings.swift */; };
		D16A1EE52C64AEA3003F3812 /* Button.swift in Sources */ = {isa = PBXBuildFile; fileRef = D16A1EE42C64AEA3003F3812 /* Button.swift */; };
/* End PBXBuildFile section */

/* Begin PBXFileReference section */
		D14C24392C61F3E0002672D6 /* MemoryMatch.app */ = {isa = PBXFileReference; explicitFileType = wrapper.application; includeInIndex = 0; path = MemoryMatch.app; sourceTree = BUILT_PRODUCTS_DIR; };
		D14C243C2C61F3E0002672D6 /* AppDelegate.swift */ = {isa = PBXFileReference; lastKnownFileType = sourcecode.swift; path = AppDelegate.swift; sourceTree = "<group>"; };
		D14C24452C61F3E2002672D6 /* Assets.xcassets */ = {isa = PBXFileReference; lastKnownFileType = folder.assetcatalog; path = Assets.xcassets; sourceTree = "<group>"; };
		D14C24482C61F3E2002672D6 /* Base */ = {isa = PBXFileReference; lastKnownFileType = file.storyboard; name = Base; path = Base.lproj/LaunchScreen.storyboard; sourceTree = "<group>"; };
		D14C244A2C61F3E2002672D6 /* Info.plist */ = {isa = PBXFileReference; lastKnownFileType = text.plist.xml; path = Info.plist; sourceTree = "<group>"; };
		D14C24542C61F5A5002672D6 /* LoadingScreen+Presenter.swift */ = {isa = PBXFileReference; lastKnownFileType = sourcecode.swift; path = "LoadingScreen+Presenter.swift"; sourceTree = "<group>"; };
		D14C24562C61F5AE002672D6 /* LoadingScreen+View.swift */ = {isa = PBXFileReference; lastKnownFileType = sourcecode.swift; path = "LoadingScreen+View.swift"; sourceTree = "<group>"; };
		D14C24582C61F5B5002672D6 /* LoadingScreenView.swift */ = {isa = PBXFileReference; lastKnownFileType = sourcecode.swift; path = LoadingScreenView.swift; sourceTree = "<group>"; };
		D14C245C2C61F631002672D6 /* UIViewControllerExt.swift */ = {isa = PBXFileReference; lastKnownFileType = sourcecode.swift; path = UIViewControllerExt.swift; sourceTree = "<group>"; };
		D14C245E2C61F69F002672D6 /* UIViewExt.swift */ = {isa = PBXFileReference; lastKnownFileType = sourcecode.swift; path = UIViewExt.swift; sourceTree = "<group>"; };
		D14C24612C61F744002672D6 /* NavigationBarRoot.swift */ = {isa = PBXFileReference; lastKnownFileType = sourcecode.swift; path = NavigationBarRoot.swift; sourceTree = "<group>"; };
		D14C24632C61F762002672D6 /* NavigationBarRoot+Presenter.swift */ = {isa = PBXFileReference; lastKnownFileType = sourcecode.swift; path = "NavigationBarRoot+Presenter.swift"; sourceTree = "<group>"; };
		D16A1EAF2C6269D1003F3812 /* MainScreen+Presenter.swift */ = {isa = PBXFileReference; lastKnownFileType = sourcecode.swift; path = "MainScreen+Presenter.swift"; sourceTree = "<group>"; };
		D16A1EB12C6269DA003F3812 /* MainScreen+View.swift */ = {isa = PBXFileReference; lastKnownFileType = sourcecode.swift; path = "MainScreen+View.swift"; sourceTree = "<group>"; };
		D16A1EB32C6269E0003F3812 /* MainScreenView.swift */ = {isa = PBXFileReference; lastKnownFileType = sourcecode.swift; path = MainScreenView.swift; sourceTree = "<group>"; };
		D16A1EB62C62717E003F3812 /* GameScreen+Presenter.swift */ = {isa = PBXFileReference; lastKnownFileType = sourcecode.swift; path = "GameScreen+Presenter.swift"; sourceTree = "<group>"; };
		D16A1EB82C627187003F3812 /* GameScreen+View.swift */ = {isa = PBXFileReference; lastKnownFileType = sourcecode.swift; path = "GameScreen+View.swift"; sourceTree = "<group>"; };
		D16A1EBA2C62718F003F3812 /* GameScreenView.swift */ = {isa = PBXFileReference; lastKnownFileType = sourcecode.swift; path = GameScreenView.swift; sourceTree = "<group>"; };
		D16A1EBD2C627855003F3812 /* NotificationsScreen+Presenter.swift */ = {isa = PBXFileReference; lastKnownFileType = sourcecode.swift; path = "NotificationsScreen+Presenter.swift"; sourceTree = "<group>"; };
		D16A1EBF2C627860003F3812 /* NotificationsScreen+View.swift */ = {isa = PBXFileReference; lastKnownFileType = sourcecode.swift; path = "NotificationsScreen+View.swift"; sourceTree = "<group>"; };
		D16A1EC12C627866003F3812 /* NotificationsScreenView.swift */ = {isa = PBXFileReference; lastKnownFileType = sourcecode.swift; path = NotificationsScreenView.swift; sourceTree = "<group>"; };
		D16A1EC42C627A23003F3812 /* UserDefKeys.swift */ = {isa = PBXFileReference; lastKnownFileType = sourcecode.swift; path = UserDefKeys.swift; sourceTree = "<group>"; };
		D16A1EC72C627EB9003F3812 /* UIFontExt.swift */ = {isa = PBXFileReference; lastKnownFileType = sourcecode.swift; path = UIFontExt.swift; sourceTree = "<group>"; };
		D16A1EC92C627EF2003F3812 /* inter.ttf */ = {isa = PBXFileReference; lastKnownFileType = file; path = inter.ttf; sourceTree = "<group>"; };
		D16A1ECB2C6280A8003F3812 /* UILabelExt.swift */ = {isa = PBXFileReference; lastKnownFileType = sourcecode.swift; path = UILabelExt.swift; sourceTree = "<group>"; };
		D16A1ECD2C6280E2003F3812 /* StringExt.swift */ = {isa = PBXFileReference; lastKnownFileType = sourcecode.swift; path = StringExt.swift; sourceTree = "<group>"; };
		D16A1ED52C628576003F3812 /* interRegular.ttf */ = {isa = PBXFileReference; lastKnownFileType = file; path = interRegular.ttf; sourceTree = "<group>"; };
		D16A1ED82C63AA9F003F3812 /* CollectionView.swift */ = {isa = PBXFileReference; lastKnownFileType = sourcecode.swift; path = CollectionView.swift; sourceTree = "<group>"; };
		D16A1EDA2C63AAE8003F3812 /* CollectionViewCell.swift */ = {isa = PBXFileReference; lastKnownFileType = sourcecode.swift; path = CollectionViewCell.swift; sourceTree = "<group>"; };
		D16A1EE12C64A703003F3812 /* Settings.swift */ = {isa = PBXFileReference; lastKnownFileType = sourcecode.swift; path = Settings.swift; sourceTree = "<group>"; };
		D16A1EE42C64AEA3003F3812 /* Button.swift */ = {isa = PBXFileReference; lastKnownFileType = sourcecode.swift; path = Button.swift; sourceTree = "<group>"; };
/* End PBXFileReference section */

/* Begin PBXFrameworksBuildPhase section */
		D14C24362C61F3E0002672D6 /* Frameworks */ = {
			isa = PBXFrameworksBuildPhase;
			buildActionMask = 2147483647;
			files = (
			);
			runOnlyForDeploymentPostprocessing = 0;
		};
/* End PBXFrameworksBuildPhase section */

/* Begin PBXGroup section */
		D14C24302C61F3E0002672D6 = {
			isa = PBXGroup;
			children = (
				D14C243B2C61F3E0002672D6 /* MemoryMatch */,
				D14C243A2C61F3E0002672D6 /* Products */,
			);
			sourceTree = "<group>";
		};
		D14C243A2C61F3E0002672D6 /* Products */ = {
			isa = PBXGroup;
			children = (
				D14C24392C61F3E0002672D6 /* MemoryMatch.app */,
			);
			name = Products;
			sourceTree = "<group>";
		};
		D14C243B2C61F3E0002672D6 /* MemoryMatch */ = {
			isa = PBXGroup;
			children = (
				D14C24502C61F4B6002672D6 /* AppDelegate */,
				D14C24512C61F4CC002672D6 /* Resources */,
				D14C245A2C61F605002672D6 /* Common */,
				D14C24522C61F572002672D6 /* Modules */,
			);
			path = MemoryMatch;
			sourceTree = "<group>";
		};
		D14C24502C61F4B6002672D6 /* AppDelegate */ = {
			isa = PBXGroup;
			children = (
				D14C243C2C61F3E0002672D6 /* AppDelegate.swift */,
			);
			path = AppDelegate;
			sourceTree = "<group>";
		};
		D14C24512C61F4CC002672D6 /* Resources */ = {
			isa = PBXGroup;
			children = (
				D16A1EC62C627E8E003F3812 /* Fonts */,
				D14C24452C61F3E2002672D6 /* Assets.xcassets */,
				D14C24472C61F3E2002672D6 /* LaunchScreen.storyboard */,
				D14C244A2C61F3E2002672D6 /* Info.plist */,
			);
			path = Resources;
			sourceTree = "<group>";
		};
		D14C24522C61F572002672D6 /* Modules */ = {
			isa = PBXGroup;
			children = (
				D14C24602C61F734002672D6 /* Root */,
				D16A1EBC2C627834003F3812 /* NotificationsScreen */,
				D14C24532C61F58D002672D6 /* LoadingScreen */,
				D16A1EAE2C6269B9003F3812 /* MainScreen */,
				D16A1EB52C62716D003F3812 /* GameScreen */,
			);
			path = Modules;
			sourceTree = "<group>";
		};
		D14C24532C61F58D002672D6 /* LoadingScreen */ = {
			isa = PBXGroup;
			children = (
				D14C24542C61F5A5002672D6 /* LoadingScreen+Presenter.swift */,
				D14C24562C61F5AE002672D6 /* LoadingScreen+View.swift */,
				D14C24582C61F5B5002672D6 /* LoadingScreenView.swift */,
			);
			path = LoadingScreen;
			sourceTree = "<group>";
		};
		D14C245A2C61F605002672D6 /* Common */ = {
			isa = PBXGroup;
			children = (
				D16A1EE32C64AE93003F3812 /* CommonViews */,
				D16A1EC32C627A12003F3812 /* UserDefKeys */,
				D14C245B2C61F60B002672D6 /* Extensions */,
			);
			path = Common;
			sourceTree = "<group>";
		};
		D14C245B2C61F60B002672D6 /* Extensions */ = {
			isa = PBXGroup;
			children = (
				D14C245C2C61F631002672D6 /* UIViewControllerExt.swift */,
				D14C245E2C61F69F002672D6 /* UIViewExt.swift */,
				D16A1EC72C627EB9003F3812 /* UIFontExt.swift */,
				D16A1ECB2C6280A8003F3812 /* UILabelExt.swift */,
				D16A1ECD2C6280E2003F3812 /* StringExt.swift */,
			);
			path = Extensions;
			sourceTree = "<group>";
		};
		D14C24602C61F734002672D6 /* Root */ = {
			isa = PBXGroup;
			children = (
				D14C24612C61F744002672D6 /* NavigationBarRoot.swift */,
				D14C24632C61F762002672D6 /* NavigationBarRoot+Presenter.swift */,
			);
			path = Root;
			sourceTree = "<group>";
		};
		D16A1EAE2C6269B9003F3812 /* MainScreen */ = {
			isa = PBXGroup;
			children = (
				D16A1EAF2C6269D1003F3812 /* MainScreen+Presenter.swift */,
				D16A1EB12C6269DA003F3812 /* MainScreen+View.swift */,
				D16A1EB32C6269E0003F3812 /* MainScreenView.swift */,
			);
			path = MainScreen;
			sourceTree = "<group>";
		};
		D16A1EB52C62716D003F3812 /* GameScreen */ = {
			isa = PBXGroup;
			children = (
				D16A1EB62C62717E003F3812 /* GameScreen+Presenter.swift */,
				D16A1EB82C627187003F3812 /* GameScreen+View.swift */,
				D16A1EBA2C62718F003F3812 /* GameScreenView.swift */,
				D16A1ED72C63AA8D003F3812 /* CollectionView */,
				D16A1EE02C64A6EC003F3812 /* Settings */,
			);
			path = GameScreen;
			sourceTree = "<group>";
		};
		D16A1EBC2C627834003F3812 /* NotificationsScreen */ = {
			isa = PBXGroup;
			children = (
				D16A1EBD2C627855003F3812 /* NotificationsScreen+Presenter.swift */,
				D16A1EBF2C627860003F3812 /* NotificationsScreen+View.swift */,
				D16A1EC12C627866003F3812 /* NotificationsScreenView.swift */,
			);
			path = NotificationsScreen;
			sourceTree = "<group>";
		};
		D16A1EC32C627A12003F3812 /* UserDefKeys */ = {
			isa = PBXGroup;
			children = (
				D16A1EC42C627A23003F3812 /* UserDefKeys.swift */,
			);
			path = UserDefKeys;
			sourceTree = "<group>";
		};
		D16A1EC62C627E8E003F3812 /* Fonts */ = {
			isa = PBXGroup;
			children = (
				D16A1EC92C627EF2003F3812 /* inter.ttf */,
				D16A1ED52C628576003F3812 /* interRegular.ttf */,
			);
			path = Fonts;
			sourceTree = "<group>";
		};
		D16A1ED72C63AA8D003F3812 /* CollectionView */ = {
			isa = PBXGroup;
			children = (
				D16A1ED82C63AA9F003F3812 /* CollectionView.swift */,
				D16A1EDA2C63AAE8003F3812 /* CollectionViewCell.swift */,
			);
			path = CollectionView;
			sourceTree = "<group>";
		};
		D16A1EE02C64A6EC003F3812 /* Settings */ = {
			isa = PBXGroup;
			children = (
				D16A1EE12C64A703003F3812 /* Settings.swift */,
			);
			path = Settings;
			sourceTree = "<group>";
		};
		D16A1EE32C64AE93003F3812 /* CommonViews */ = {
			isa = PBXGroup;
			children = (
				D16A1EE42C64AEA3003F3812 /* Button.swift */,
			);
			path = CommonViews;
			sourceTree = "<group>";
		};
/* End PBXGroup section */

/* Begin PBXNativeTarget section */
		D14C24382C61F3E0002672D6 /* MemoryMatch */ = {
			isa = PBXNativeTarget;
			buildConfigurationList = D14C244D2C61F3E2002672D6 /* Build configuration list for PBXNativeTarget "MemoryMatch" */;
			buildPhases = (
				D14C24352C61F3E0002672D6 /* Sources */,
				D14C24362C61F3E0002672D6 /* Frameworks */,
				D14C24372C61F3E0002672D6 /* Resources */,
			);
			buildRules = (
			);
			dependencies = (
			);
			name = MemoryMatch;
			productName = MemoryMatch;
			productReference = D14C24392C61F3E0002672D6 /* MemoryMatch.app */;
			productType = "com.apple.product-type.application";
		};
/* End PBXNativeTarget section */

/* Begin PBXProject section */
		D14C24312C61F3E0002672D6 /* Project object */ = {
			isa = PBXProject;
			attributes = {
				BuildIndependentTargetsInParallel = 1;
				LastSwiftUpdateCheck = 1530;
				LastUpgradeCheck = 1530;
				TargetAttributes = {
					D14C24382C61F3E0002672D6 = {
						CreatedOnToolsVersion = 15.3;
					};
				};
			};
			buildConfigurationList = D14C24342C61F3E0002672D6 /* Build configuration list for PBXProject "MemoryMatch" */;
			compatibilityVersion = "Xcode 14.0";
			developmentRegion = en;
			hasScannedForEncodings = 0;
			knownRegions = (
				en,
				Base,
			);
			mainGroup = D14C24302C61F3E0002672D6;
			productRefGroup = D14C243A2C61F3E0002672D6 /* Products */;
			projectDirPath = "";
			projectRoot = "";
			targets = (
				D14C24382C61F3E0002672D6 /* MemoryMatch */,
			);
		};
/* End PBXProject section */

/* Begin PBXResourcesBuildPhase section */
		D14C24372C61F3E0002672D6 /* Resources */ = {
			isa = PBXResourcesBuildPhase;
			buildActionMask = 2147483647;
			files = (
				D14C24462C61F3E2002672D6 /* Assets.xcassets in Resources */,
				D16A1ECA2C627EF2003F3812 /* inter.ttf in Resources */,
				D14C24492C61F3E2002672D6 /* Base in Resources */,
				D16A1ED62C628576003F3812 /* interRegular.ttf in Resources */,
			);
			runOnlyForDeploymentPostprocessing = 0;
		};
/* End PBXResourcesBuildPhase section */

/* Begin PBXSourcesBuildPhase section */
		D14C24352C61F3E0002672D6 /* Sources */ = {
			isa = PBXSourcesBuildPhase;
			buildActionMask = 2147483647;
			files = (
				D14C24642C61F762002672D6 /* NavigationBarRoot+Presenter.swift in Sources */,
				D16A1EB92C627187003F3812 /* GameScreen+View.swift in Sources */,
				D16A1ECC2C6280A8003F3812 /* UILabelExt.swift in Sources */,
				D16A1EBB2C62718F003F3812 /* GameScreenView.swift in Sources */,
				D14C245F2C61F69F002672D6 /* UIViewExt.swift in Sources */,
				D14C245D2C61F631002672D6 /* UIViewControllerExt.swift in Sources */,
				D16A1EDB2C63AAE8003F3812 /* CollectionViewCell.swift in Sources */,
				D16A1EB02C6269D1003F3812 /* MainScreen+Presenter.swift in Sources */,
				D14C243D2C61F3E0002672D6 /* AppDelegate.swift in Sources */,
				D16A1EB22C6269DA003F3812 /* MainScreen+View.swift in Sources */,
				D16A1EC52C627A23003F3812 /* UserDefKeys.swift in Sources */,
				D16A1ECE2C6280E2003F3812 /* StringExt.swift in Sources */,
				D16A1EC82C627EB9003F3812 /* UIFontExt.swift in Sources */,
				D14C24552C61F5A5002672D6 /* LoadingScreen+Presenter.swift in Sources */,
				D16A1EC02C627860003F3812 /* NotificationsScreen+View.swift in Sources */,
				D16A1EE52C64AEA3003F3812 /* Button.swift in Sources */,
				D16A1EBE2C627855003F3812 /* NotificationsScreen+Presenter.swift in Sources */,
				D16A1EB42C6269E0003F3812 /* MainScreenView.swift in Sources */,
				D14C24622C61F744002672D6 /* NavigationBarRoot.swift in Sources */,
				D16A1EE22C64A703003F3812 /* Settings.swift in Sources */,
				D14C24572C61F5AE002672D6 /* LoadingScreen+View.swift in Sources */,
				D16A1EB72C62717E003F3812 /* GameScreen+Presenter.swift in Sources */,
				D16A1EC22C627866003F3812 /* NotificationsScreenView.swift in Sources */,
				D16A1ED92C63AA9F003F3812 /* CollectionView.swift in Sources */,
				D14C24592C61F5B5002672D6 /* LoadingScreenView.swift in Sources */,
			);
			runOnlyForDeploymentPostprocessing = 0;
		};
/* End PBXSourcesBuildPhase section */

/* Begin PBXVariantGroup section */
		D14C24472C61F3E2002672D6 /* LaunchScreen.storyboard */ = {
			isa = PBXVariantGroup;
			children = (
				D14C24482C61F3E2002672D6 /* Base */,
			);
			name = LaunchScreen.storyboard;
			sourceTree = "<group>";
		};
/* End PBXVariantGroup section */

/* Begin XCBuildConfiguration section */
		D14C244B2C61F3E2002672D6 /* Debug */ = {
			isa = XCBuildConfiguration;
			buildSettings = {
				ALWAYS_SEARCH_USER_PATHS = NO;
				ASSETCATALOG_COMPILER_GENERATE_SWIFT_ASSET_SYMBOL_EXTENSIONS = YES;
				CLANG_ANALYZER_NONNULL = YES;
				CLANG_ANALYZER_NUMBER_OBJECT_CONVERSION = YES_AGGRESSIVE;
				CLANG_CXX_LANGUAGE_STANDARD = "gnu++20";
				CLANG_ENABLE_MODULES = YES;
				CLANG_ENABLE_OBJC_ARC = YES;
				CLANG_ENABLE_OBJC_WEAK = YES;
				CLANG_WARN_BLOCK_CAPTURE_AUTORELEASING = YES;
				CLANG_WARN_BOOL_CONVERSION = YES;
				CLANG_WARN_COMMA = YES;
				CLANG_WARN_CONSTANT_CONVERSION = YES;
				CLANG_WARN_DEPRECATED_OBJC_IMPLEMENTATIONS = YES;
				CLANG_WARN_DIRECT_OBJC_ISA_USAGE = YES_ERROR;
				CLANG_WARN_DOCUMENTATION_COMMENTS = YES;
				CLANG_WARN_EMPTY_BODY = YES;
				CLANG_WARN_ENUM_CONVERSION = YES;
				CLANG_WARN_INFINITE_RECURSION = YES;
				CLANG_WARN_INT_CONVERSION = YES;
				CLANG_WARN_NON_LITERAL_NULL_CONVERSION = YES;
				CLANG_WARN_OBJC_IMPLICIT_RETAIN_SELF = YES;
				CLANG_WARN_OBJC_LITERAL_CONVERSION = YES;
				CLANG_WARN_OBJC_ROOT_CLASS = YES_ERROR;
				CLANG_WARN_QUOTED_INCLUDE_IN_FRAMEWORK_HEADER = YES;
				CLANG_WARN_RANGE_LOOP_ANALYSIS = YES;
				CLANG_WARN_STRICT_PROTOTYPES = YES;
				CLANG_WARN_SUSPICIOUS_MOVE = YES;
				CLANG_WARN_UNGUARDED_AVAILABILITY = YES_AGGRESSIVE;
				CLANG_WARN_UNREACHABLE_CODE = YES;
				CLANG_WARN__DUPLICATE_METHOD_MATCH = YES;
				COPY_PHASE_STRIP = NO;
				DEBUG_INFORMATION_FORMAT = dwarf;
				ENABLE_STRICT_OBJC_MSGSEND = YES;
				ENABLE_TESTABILITY = YES;
				ENABLE_USER_SCRIPT_SANDBOXING = YES;
				GCC_C_LANGUAGE_STANDARD = gnu17;
				GCC_DYNAMIC_NO_PIC = NO;
				GCC_NO_COMMON_BLOCKS = YES;
				GCC_OPTIMIZATION_LEVEL = 0;
				GCC_PREPROCESSOR_DEFINITIONS = (
					"DEBUG=1",
					"$(inherited)",
				);
				GCC_WARN_64_TO_32_BIT_CONVERSION = YES;
				GCC_WARN_ABOUT_RETURN_TYPE = YES_ERROR;
				GCC_WARN_UNDECLARED_SELECTOR = YES;
				GCC_WARN_UNINITIALIZED_AUTOS = YES_AGGRESSIVE;
				GCC_WARN_UNUSED_FUNCTION = YES;
				GCC_WARN_UNUSED_VARIABLE = YES;
				IPHONEOS_DEPLOYMENT_TARGET = 17.4;
				LOCALIZATION_PREFERS_STRING_CATALOGS = YES;
				MTL_ENABLE_DEBUG_INFO = INCLUDE_SOURCE;
				MTL_FAST_MATH = YES;
				ONLY_ACTIVE_ARCH = YES;
				SDKROOT = iphoneos;
				SWIFT_ACTIVE_COMPILATION_CONDITIONS = "DEBUG $(inherited)";
				SWIFT_OPTIMIZATION_LEVEL = "-Onone";
			};
			name = Debug;
		};
		D14C244C2C61F3E2002672D6 /* Release */ = {
			isa = XCBuildConfiguration;
			buildSettings = {
				ALWAYS_SEARCH_USER_PATHS = NO;
				ASSETCATALOG_COMPILER_GENERATE_SWIFT_ASSET_SYMBOL_EXTENSIONS = YES;
				CLANG_ANALYZER_NONNULL = YES;
				CLANG_ANALYZER_NUMBER_OBJECT_CONVERSION = YES_AGGRESSIVE;
				CLANG_CXX_LANGUAGE_STANDARD = "gnu++20";
				CLANG_ENABLE_MODULES = YES;
				CLANG_ENABLE_OBJC_ARC = YES;
				CLANG_ENABLE_OBJC_WEAK = YES;
				CLANG_WARN_BLOCK_CAPTURE_AUTORELEASING = YES;
				CLANG_WARN_BOOL_CONVERSION = YES;
				CLANG_WARN_COMMA = YES;
				CLANG_WARN_CONSTANT_CONVERSION = YES;
				CLANG_WARN_DEPRECATED_OBJC_IMPLEMENTATIONS = YES;
				CLANG_WARN_DIRECT_OBJC_ISA_USAGE = YES_ERROR;
				CLANG_WARN_DOCUMENTATION_COMMENTS = YES;
				CLANG_WARN_EMPTY_BODY = YES;
				CLANG_WARN_ENUM_CONVERSION = YES;
				CLANG_WARN_INFINITE_RECURSION = YES;
				CLANG_WARN_INT_CONVERSION = YES;
				CLANG_WARN_NON_LITERAL_NULL_CONVERSION = YES;
				CLANG_WARN_OBJC_IMPLICIT_RETAIN_SELF = YES;
				CLANG_WARN_OBJC_LITERAL_CONVERSION = YES;
				CLANG_WARN_OBJC_ROOT_CLASS = YES_ERROR;
				CLANG_WARN_QUOTED_INCLUDE_IN_FRAMEWORK_HEADER = YES;
				CLANG_WARN_RANGE_LOOP_ANALYSIS = YES;
				CLANG_WARN_STRICT_PROTOTYPES = YES;
				CLANG_WARN_SUSPICIOUS_MOVE = YES;
				CLANG_WARN_UNGUARDED_AVAILABILITY = YES_AGGRESSIVE;
				CLANG_WARN_UNREACHABLE_CODE = YES;
				CLANG_WARN__DUPLICATE_METHOD_MATCH = YES;
				COPY_PHASE_STRIP = NO;
				DEBUG_INFORMATION_FORMAT = "dwarf-with-dsym";
				ENABLE_NS_ASSERTIONS = NO;
				ENABLE_STRICT_OBJC_MSGSEND = YES;
				ENABLE_USER_SCRIPT_SANDBOXING = YES;
				GCC_C_LANGUAGE_STANDARD = gnu17;
				GCC_NO_COMMON_BLOCKS = YES;
				GCC_WARN_64_TO_32_BIT_CONVERSION = YES;
				GCC_WARN_ABOUT_RETURN_TYPE = YES_ERROR;
				GCC_WARN_UNDECLARED_SELECTOR = YES;
				GCC_WARN_UNINITIALIZED_AUTOS = YES_AGGRESSIVE;
				GCC_WARN_UNUSED_FUNCTION = YES;
				GCC_WARN_UNUSED_VARIABLE = YES;
				IPHONEOS_DEPLOYMENT_TARGET = 17.4;
				LOCALIZATION_PREFERS_STRING_CATALOGS = YES;
				MTL_ENABLE_DEBUG_INFO = NO;
				MTL_FAST_MATH = YES;
				SDKROOT = iphoneos;
				SWIFT_COMPILATION_MODE = wholemodule;
				VALIDATE_PRODUCT = YES;
			};
			name = Release;
		};
		D14C244E2C61F3E2002672D6 /* Debug */ = {
			isa = XCBuildConfiguration;
			buildSettings = {
				ASSETCATALOG_COMPILER_APPICON_NAME = AppIcon;
				ASSETCATALOG_COMPILER_GLOBAL_ACCENT_COLOR_NAME = AccentColor;
				CODE_SIGN_STYLE = Automatic;
				CURRENT_PROJECT_VERSION = 1;
				DEVELOPMENT_TEAM = 2BFD7M72TY;
				GENERATE_INFOPLIST_FILE = YES;
				INFOPLIST_FILE = MemoryMatch/Info.plist;
				INFOPLIST_KEY_CFBundleDisplayName = "Memory Match";
				INFOPLIST_KEY_UIApplicationSupportsIndirectInputEvents = YES;
				INFOPLIST_KEY_UILaunchStoryboardName = LaunchScreen;
				INFOPLIST_KEY_UISupportedInterfaceOrientations = UIInterfaceOrientationPortrait;
				INFOPLIST_KEY_UISupportedInterfaceOrientations_iPad = "UIInterfaceOrientationLandscapeLeft UIInterfaceOrientationLandscapeRight UIInterfaceOrientationPortrait UIInterfaceOrientationPortraitUpsideDown";
				LD_RUNPATH_SEARCH_PATHS = (
					"$(inherited)",
					"@executable_path/Frameworks",
				);
				MARKETING_VERSION = 1.0.1;
				PRODUCT_BUNDLE_IDENTIFIER = com.yourcompany.MemoryMatch;
				PRODUCT_NAME = "$(TARGET_NAME)";
				SUPPORTED_PLATFORMS = "iphoneos iphonesimulator";
				SUPPORTS_MACCATALYST = NO;
				SUPPORTS_MAC_DESIGNED_FOR_IPHONE_IPAD = NO;
				SUPPORTS_XR_DESIGNED_FOR_IPHONE_IPAD = NO;
				SWIFT_EMIT_LOC_STRINGS = YES;
				SWIFT_VERSION = 5.0;
				TARGETED_DEVICE_FAMILY = 1;
			};
			name = Debug;
		};
		D14C244F2C61F3E2002672D6 /* Release */ = {
			isa = XCBuildConfiguration;
			buildSettings = {
				ASSETCATALOG_COMPILER_APPICON_NAME = AppIcon;
				ASSETCATALOG_COMPILER_GLOBAL_ACCENT_COLOR_NAME = AccentColor;
				CODE_SIGN_STYLE = Automatic;
				CURRENT_PROJECT_VERSION = 1;
				DEVELOPMENT_TEAM = 2BFD7M72TY;
				GENERATE_INFOPLIST_FILE = YES;
				INFOPLIST_FILE = MemoryMatch/Info.plist;
				INFOPLIST_KEY_CFBundleDisplayName = "Memory Match";
				INFOPLIST_KEY_UIApplicationSupportsIndirectInputEvents = YES;
				INFOPLIST_KEY_UILaunchStoryboardName = LaunchScreen;
				INFOPLIST_KEY_UISupportedInterfaceOrientations = UIInterfaceOrientationPortrait;
				INFOPLIST_KEY_UISupportedInterfaceOrientations_iPad = "UIInterfaceOrientationLandscapeLeft UIInterfaceOrientationLandscapeRight UIInterfaceOrientationPortrait UIInterfaceOrientationPortraitUpsideDown";
				LD_RUNPATH_SEARCH_PATHS = (
					"$(inherited)",
					"@executable_path/Frameworks",
				);
				MARKETING_VERSION = 1.0.1;
				PRODUCT_BUNDLE_IDENTIFIER = com.yourcompany.MemoryMatch;
				PRODUCT_NAME = "$(TARGET_NAME)";
				SUPPORTED_PLATFORMS = "iphoneos iphonesimulator";
				SUPPORTS_MACCATALYST = NO;
				SUPPORTS_MAC_DESIGNED_FOR_IPHONE_IPAD = NO;
				SUPPORTS_XR_DESIGNED_FOR_IPHONE_IPAD = NO;
				SWIFT_EMIT_LOC_STRINGS = YES;
				SWIFT_VERSION = 5.0;
				TARGETED_DEVICE_FAMILY = 1;
			};
			name = Release;
		};
/* End XCBuildConfiguration section */

/* Begin XCConfigurationList section */
		D14C24342C61F3E0002672D6 /* Build configuration list for PBXProject "MemoryMatch" */ = {
			isa = XCConfigurationList;
			buildConfigurations = (
				D14C244B2C61F3E2002672D6 /* Debug */,
				D14C244C2C61F3E2002672D6 /* Release */,
			);
			defaultConfigurationIsVisible = 0;
			defaultConfigurationName = Release;
		};
		D14C244D2C61F3E2002672D6 /* Build configuration list for PBXNativeTarget "MemoryMatch" */ = {
			isa = XCConfigurationList;
			buildConfigurations = (
				D14C244E2C61F3E2002672D6 /* Debug */,
				D14C244F2C61F3E2002672D6 /* Release */,
			);
			defaultConfigurationIsVisible = 0;
			defaultConfigurationName = Release;
		};
/* End XCConfigurationList section */
	};
	rootObject = D14C24312C61F3E0002672D6 /* Project object */;
}
